
Microsoft Visual Studio Solution File, Format Version 12.00
# Visual Studio Version 16
VisualStudioVersion = 16.0.29001.49
MinimumVisualStudioVersion = 10.0.40219.1
Project("{9A19103F-16F7-4668-BE54-9A1E7A4F7556}") = "EventsList.Web", "EventsList.Web\EventsList.Web.csproj", "{75D18341-4AEF-4BBC-AE37-3567737888F9}"
EndProject
Project("{9A19103F-16F7-4668-BE54-9A1E7A4F7556}") = "EventsListMicroservices.API", "EventsListMicroservices.API\EventsListMicroservices.API.csproj", "{D04B8DCC-E295-4F56-9EC6-ECE6ED34FDDE}"
EndProject
Project("{E53339B2-1760-4266-BCC7-CA923CBCF16C}") = "docker-compose", "docker-compose.dcproj", "{605FB033-3ABF-48BA-A040-8A3D1E1B5A4B}"
EndProject
Project("{9A19103F-16F7-4668-BE54-9A1E7A4F7556}") = "EventBuyingMicroservices.API", "EventBuyingMicroservices.API\EventBuyingMicroservices.API.csproj", "{4275A20D-09A0-4B1E-A7C7-B9F527A755A6}"
EndProject
Project("{9A19103F-16F7-4668-BE54-9A1E7A4F7556}") = "EventsTicketsMicroservices.API", "EventsTicketsMicroservices.API\EventsTicketsMicroservices.API.csproj", "{CD687041-DDDD-47F1-9130-1A1AA341A4B6}"
EndProject
Project("{2150E333-8FDC-42A3-9474-1A3956D46DE8}") = "0 - Presentation", "0 - Presentation", "{4A97E353-2273-4BDE-9802-099564825679}"
EndProject
Project("{2150E333-8FDC-42A3-9474-1A3956D46DE8}") = "EventsBuyingMicroservices", "EventsBuyingMicroservices", "{BD02F80D-EE5E-4874-968D-FDC445BA89F2}"
EndProject
Project("{2150E333-8FDC-42A3-9474-1A3956D46DE8}") = "EventsListMicroservices", "EventsListMicroservices", "{01C9C76F-8349-4B5B-8D09-9F02C10D156D}"
EndProject
Project("{2150E333-8FDC-42A3-9474-1A3956D46DE8}") = "EventsTicketMicroservices", "EventsTicketMicroservices", "{887A5FC5-E3EC-486C-8BDD-0A5E2D621239}"
EndProject
Project("{2150E333-8FDC-42A3-9474-1A3956D46DE8}") = "1 - Service", "1 - Service", "{A465EDC4-076E-41BE-8CB4-64B0AB786D13}"
EndProject
Project("{2150E333-8FDC-42A3-9474-1A3956D46DE8}") = "1 - Service", "1 - Service", "{1AF20E29-FE6C-4D4F-9919-4476D8EF67AA}"
EndProject
Project("{2150E333-8FDC-42A3-9474-1A3956D46DE8}") = "1 - Service", "1 - Service", "{D1E9F42E-9DA5-492B-8F4F-53E951946BD0}"
EndProject
Project("{2150E333-8FDC-42A3-9474-1A3956D46DE8}") = "2 - Application", "2 - Application", "{3B3C59E7-9DE7-432D-97FB-BE834F5D3038}"
EndProject
Project("{2150E333-8FDC-42A3-9474-1A3956D46DE8}") = "2 - Application", "2 - Application", "{CE313E07-F240-42BD-9698-55E166DC6BA3}"
EndProject
Project("{2150E333-8FDC-42A3-9474-1A3956D46DE8}") = "2 - Application", "2 - Application", "{1F55C466-2FD6-4B8D-B99F-91142EB3A063}"
EndProject
Project("{2150E333-8FDC-42A3-9474-1A3956D46DE8}") = "3 - Domain", "3 - Domain", "{22E3E10D-B404-421C-9B08-103CBD7B7610}"
EndProject
Project("{2150E333-8FDC-42A3-9474-1A3956D46DE8}") = "3 - Domain", "3 - Domain", "{9592BF2E-2FF4-427E-A34F-ABB6998D31A1}"
EndProject
Project("{2150E333-8FDC-42A3-9474-1A3956D46DE8}") = "3 - Domain", "3 - Domain", "{32BC6C8F-6CB2-4993-84E9-D66505644AF2}"
EndProject
Project("{2150E333-8FDC-42A3-9474-1A3956D46DE8}") = "4 - Infrastructure", "4 - Infrastructure", "{D3D4B246-906E-4FBF-94AB-90DF3696F4DA}"
EndProject
Project("{2150E333-8FDC-42A3-9474-1A3956D46DE8}") = "4 - Infrastructure", "4 - Infrastructure", "{F8939D70-36B0-4D8A-85BF-8025EDD14F4B}"
EndProject
Project("{2150E333-8FDC-42A3-9474-1A3956D46DE8}") = "4 - Infrastructure", "4 - Infrastructure", "{476C4DAE-150F-433E-9300-6C414812829C}"
EndProject
Project("{9A19103F-16F7-4668-BE54-9A1E7A4F7556}") = "EventsListMicroservices.Infra.DataAccess", "EventsListMicroservices.Infra.DataAccess\EventsListMicroservices.Infra.DataAccess.csproj", "{0FACEAEE-7160-4306-A069-5748E5E9E957}"
EndProject
Project("{9A19103F-16F7-4668-BE54-9A1E7A4F7556}") = "EventsListMicroservices.Domain", "EventsListMicroservices.Domain\EventsListMicroservices.Domain.csproj", "{118AAB95-8181-4B60-BC01-BB8E9E5958ED}"
EndProject
Project("{2150E333-8FDC-42A3-9474-1A3956D46DE8}") = "Logger", "Logger", "{9869EB26-134D-48F0-94AF-9A2FB9D3993F}"
EndProject
Project("{2150E333-8FDC-42A3-9474-1A3956D46DE8}") = "2 - Domain", "2 - Domain", "{95E442DB-7568-4986-8577-66BD97D0CCDF}"
EndProject
Project("{2150E333-8FDC-42A3-9474-1A3956D46DE8}") = "3 - Infrastructure", "3 - Infrastructure", "{D6BC321F-7856-4DF7-BD31-96CF2177077D}"
EndProject
Project("{FAE04EC0-301F-11D3-BF4B-00C04F79EFBC}") = "DataAccessElasticSource", "DataAccessElasticSource\DataAccessElasticSource.csproj", "{4F9CA101-6673-4678-84CE-8D47114AF5C3}"
EndProject
Project("{FAE04EC0-301F-11D3-BF4B-00C04F79EFBC}") = "DomainModelElasticSource", "DomainModelElasticSource\DomainModelElasticSource.csproj", "{5EDD7E73-EAC6-4780-B26B-B8C9B0B3A570}"
EndProject
Project("{FAE04EC0-301F-11D3-BF4B-00C04F79EFBC}") = "DomainServiceElasticSource", "DomainServiceElasticSource\DomainServiceElasticSource.csproj", "{5C1E88BC-8142-4303-9E79-C160F0D16F05}"
EndProject
Project("{2150E333-8FDC-42A3-9474-1A3956D46DE8}") = "1 - Service", "1 - Service", "{A28255DB-1E33-4B84-B7B7-CCDECA77BBBF}"
EndProject
Project("{FAE04EC0-301F-11D3-BF4B-00C04F79EFBC}") = "Logger.Api", "Logger.Api\Logger.Api.csproj", "{4E47A98B-7B28-43B6-9F44-61EAAD72A819}"
EndProject
Global
	GlobalSection(SolutionConfigurationPlatforms) = preSolution
		Debug|Any CPU = Debug|Any CPU
		Release|Any CPU = Release|Any CPU
	EndGlobalSection
	GlobalSection(ProjectConfigurationPlatforms) = postSolution
		{75D18341-4AEF-4BBC-AE37-3567737888F9}.Debug|Any CPU.ActiveCfg = Debug|Any CPU
		{75D18341-4AEF-4BBC-AE37-3567737888F9}.Debug|Any CPU.Build.0 = Debug|Any CPU
		{75D18341-4AEF-4BBC-AE37-3567737888F9}.Release|Any CPU.ActiveCfg = Release|Any CPU
		{75D18341-4AEF-4BBC-AE37-3567737888F9}.Release|Any CPU.Build.0 = Release|Any CPU
		{D04B8DCC-E295-4F56-9EC6-ECE6ED34FDDE}.Debug|Any CPU.ActiveCfg = Debug|Any CPU
		{D04B8DCC-E295-4F56-9EC6-ECE6ED34FDDE}.Debug|Any CPU.Build.0 = Debug|Any CPU
		{D04B8DCC-E295-4F56-9EC6-ECE6ED34FDDE}.Release|Any CPU.ActiveCfg = Release|Any CPU
		{D04B8DCC-E295-4F56-9EC6-ECE6ED34FDDE}.Release|Any CPU.Build.0 = Release|Any CPU
		{605FB033-3ABF-48BA-A040-8A3D1E1B5A4B}.Debug|Any CPU.ActiveCfg = Debug|Any CPU
		{605FB033-3ABF-48BA-A040-8A3D1E1B5A4B}.Debug|Any CPU.Build.0 = Debug|Any CPU
		{605FB033-3ABF-48BA-A040-8A3D1E1B5A4B}.Release|Any CPU.ActiveCfg = Release|Any CPU
		{605FB033-3ABF-48BA-A040-8A3D1E1B5A4B}.Release|Any CPU.Build.0 = Release|Any CPU
		{4275A20D-09A0-4B1E-A7C7-B9F527A755A6}.Debug|Any CPU.ActiveCfg = Debug|Any CPU
		{4275A20D-09A0-4B1E-A7C7-B9F527A755A6}.Debug|Any CPU.Build.0 = Debug|Any CPU
		{4275A20D-09A0-4B1E-A7C7-B9F527A755A6}.Release|Any CPU.ActiveCfg = Release|Any CPU
		{4275A20D-09A0-4B1E-A7C7-B9F527A755A6}.Release|Any CPU.Build.0 = Release|Any CPU
		{CD687041-DDDD-47F1-9130-1A1AA341A4B6}.Debug|Any CPU.ActiveCfg = Debug|Any CPU
		{CD687041-DDDD-47F1-9130-1A1AA341A4B6}.Debug|Any CPU.Build.0 = Debug|Any CPU
		{CD687041-DDDD-47F1-9130-1A1AA341A4B6}.Release|Any CPU.ActiveCfg = Release|Any CPU
		{CD687041-DDDD-47F1-9130-1A1AA341A4B6}.Release|Any CPU.Build.0 = Release|Any CPU
		{0FACEAEE-7160-4306-A069-5748E5E9E957}.Debug|Any CPU.ActiveCfg = Debug|Any CPU
		{0FACEAEE-7160-4306-A069-5748E5E9E957}.Debug|Any CPU.Build.0 = Debug|Any CPU
		{0FACEAEE-7160-4306-A069-5748E5E9E957}.Release|Any CPU.ActiveCfg = Release|Any CPU
		{0FACEAEE-7160-4306-A069-5748E5E9E957}.Release|Any CPU.Build.0 = Release|Any CPU
		{118AAB95-8181-4B60-BC01-BB8E9E5958ED}.Debug|Any CPU.ActiveCfg = Debug|Any CPU
		{118AAB95-8181-4B60-BC01-BB8E9E5958ED}.Debug|Any CPU.Build.0 = Debug|Any CPU
		{118AAB95-8181-4B60-BC01-BB8E9E5958ED}.Release|Any CPU.ActiveCfg = Release|Any CPU
		{118AAB95-8181-4B60-BC01-BB8E9E5958ED}.Release|Any CPU.Build.0 = Release|Any CPU
		{4F9CA101-6673-4678-84CE-8D47114AF5C3}.Debug|Any CPU.ActiveCfg = Debug|Any CPU
		{4F9CA101-6673-4678-84CE-8D47114AF5C3}.Debug|Any CPU.Build.0 = Debug|Any CPU
		{4F9CA101-6673-4678-84CE-8D47114AF5C3}.Release|Any CPU.ActiveCfg = Release|Any CPU
		{4F9CA101-6673-4678-84CE-8D47114AF5C3}.Release|Any CPU.Build.0 = Release|Any CPU
		{5EDD7E73-EAC6-4780-B26B-B8C9B0B3A570}.Debug|Any CPU.ActiveCfg = Debug|Any CPU
		{5EDD7E73-EAC6-4780-B26B-B8C9B0B3A570}.Debug|Any CPU.Build.0 = Debug|Any CPU
		{5EDD7E73-EAC6-4780-B26B-B8C9B0B3A570}.Release|Any CPU.ActiveCfg = Release|Any CPU
		{5EDD7E73-EAC6-4780-B26B-B8C9B0B3A570}.Release|Any CPU.Build.0 = Release|Any CPU
		{5C1E88BC-8142-4303-9E79-C160F0D16F05}.Debug|Any CPU.ActiveCfg = Debug|Any CPU
		{5C1E88BC-8142-4303-9E79-C160F0D16F05}.Debug|Any CPU.Build.0 = Debug|Any CPU
		{5C1E88BC-8142-4303-9E79-C160F0D16F05}.Release|Any CPU.ActiveCfg = Release|Any CPU
		{5C1E88BC-8142-4303-9E79-C160F0D16F05}.Release|Any CPU.Build.0 = Release|Any CPU
		{4E47A98B-7B28-43B6-9F44-61EAAD72A819}.Debug|Any CPU.ActiveCfg = Debug|Any CPU
		{4E47A98B-7B28-43B6-9F44-61EAAD72A819}.Debug|Any CPU.Build.0 = Debug|Any CPU
		{4E47A98B-7B28-43B6-9F44-61EAAD72A819}.Release|Any CPU.ActiveCfg = Release|Any CPU
		{4E47A98B-7B28-43B6-9F44-61EAAD72A819}.Release|Any CPU.Build.0 = Release|Any CPU
	EndGlobalSection
	GlobalSection(SolutionProperties) = preSolution
		HideSolutionNode = FALSE
	EndGlobalSection
	GlobalSection(NestedProjects) = preSolution
		{75D18341-4AEF-4BBC-AE37-3567737888F9} = {4A97E353-2273-4BDE-9802-099564825679}
		{D04B8DCC-E295-4F56-9EC6-ECE6ED34FDDE} = {1AF20E29-FE6C-4D4F-9919-4476D8EF67AA}
		{4275A20D-09A0-4B1E-A7C7-B9F527A755A6} = {D1E9F42E-9DA5-492B-8F4F-53E951946BD0}
		{CD687041-DDDD-47F1-9130-1A1AA341A4B6} = {A465EDC4-076E-41BE-8CB4-64B0AB786D13}
		{A465EDC4-076E-41BE-8CB4-64B0AB786D13} = {887A5FC5-E3EC-486C-8BDD-0A5E2D621239}
		{1AF20E29-FE6C-4D4F-9919-4476D8EF67AA} = {01C9C76F-8349-4B5B-8D09-9F02C10D156D}
		{D1E9F42E-9DA5-492B-8F4F-53E951946BD0} = {BD02F80D-EE5E-4874-968D-FDC445BA89F2}
		{3B3C59E7-9DE7-432D-97FB-BE834F5D3038} = {BD02F80D-EE5E-4874-968D-FDC445BA89F2}
		{CE313E07-F240-42BD-9698-55E166DC6BA3} = {01C9C76F-8349-4B5B-8D09-9F02C10D156D}
		{1F55C466-2FD6-4B8D-B99F-91142EB3A063} = {887A5FC5-E3EC-486C-8BDD-0A5E2D621239}
		{22E3E10D-B404-421C-9B08-103CBD7B7610} = {887A5FC5-E3EC-486C-8BDD-0A5E2D621239}
		{9592BF2E-2FF4-427E-A34F-ABB6998D31A1} = {01C9C76F-8349-4B5B-8D09-9F02C10D156D}
		{32BC6C8F-6CB2-4993-84E9-D66505644AF2} = {BD02F80D-EE5E-4874-968D-FDC445BA89F2}
		{D3D4B246-906E-4FBF-94AB-90DF3696F4DA} = {BD02F80D-EE5E-4874-968D-FDC445BA89F2}
		{F8939D70-36B0-4D8A-85BF-8025EDD14F4B} = {01C9C76F-8349-4B5B-8D09-9F02C10D156D}
		{476C4DAE-150F-433E-9300-6C414812829C} = {887A5FC5-E3EC-486C-8BDD-0A5E2D621239}
		{0FACEAEE-7160-4306-A069-5748E5E9E957} = {F8939D70-36B0-4D8A-85BF-8025EDD14F4B}
		{118AAB95-8181-4B60-BC01-BB8E9E5958ED} = {9592BF2E-2FF4-427E-A34F-ABB6998D31A1}
		{95E442DB-7568-4986-8577-66BD97D0CCDF} = {9869EB26-134D-48F0-94AF-9A2FB9D3993F}
		{D6BC321F-7856-4DF7-BD31-96CF2177077D} = {9869EB26-134D-48F0-94AF-9A2FB9D3993F}
		{4F9CA101-6673-4678-84CE-8D47114AF5C3} = {D6BC321F-7856-4DF7-BD31-96CF2177077D}
		{5EDD7E73-EAC6-4780-B26B-B8C9B0B3A570} = {95E442DB-7568-4986-8577-66BD97D0CCDF}
		{5C1E88BC-8142-4303-9E79-C160F0D16F05} = {95E442DB-7568-4986-8577-66BD97D0CCDF}
		{A28255DB-1E33-4B84-B7B7-CCDECA77BBBF} = {9869EB26-134D-48F0-94AF-9A2FB9D3993F}
		{4E47A98B-7B28-43B6-9F44-61EAAD72A819} = {A28255DB-1E33-4B84-B7B7-CCDECA77BBBF}
	EndGlobalSection
	GlobalSection(ExtensibilityGlobals) = postSolution
		SolutionGuid = {23D19E08-8B25-43E1-9ED0-5AC767A20DCA}
	EndGlobalSection
EndGlobal
