
Microsoft Visual Studio Solution File, Format Version 12.00
# Visual Studio Version 16
VisualStudioVersion = 16.0.29215.179
MinimumVisualStudioVersion = 10.0.40219.1
Project("{2150E333-8FDC-42A3-9474-1A3956D46DE8}") = "0 - Presentation", "0 - Presentation", "{9CECA029-CE89-4C23-B7E7-259B41BB99FD}"
EndProject
Project("{2150E333-8FDC-42A3-9474-1A3956D46DE8}") = "EventsListMicroservices", "EventsListMicroservices", "{8115902C-89E3-4CC0-BCD6-8F51547F2FAB}"
EndProject
Project("{2150E333-8FDC-42A3-9474-1A3956D46DE8}") = "EventsBuyingMicroservices", "EventsBuyingMicroservices", "{EAD0CE2C-FBAC-4030-A1D3-68C194C120BB}"
EndProject
Project("{2150E333-8FDC-42A3-9474-1A3956D46DE8}") = "EventsTicketMicroservices", "EventsTicketMicroservices", "{785731B5-F72C-4EDD-AF30-14685CAD737D}"
EndProject
Project("{2150E333-8FDC-42A3-9474-1A3956D46DE8}") = "1 - Service", "1 - Service", "{44B0BC58-9DE0-417F-AAD2-FD86F4C30566}"
EndProject
Project("{2150E333-8FDC-42A3-9474-1A3956D46DE8}") = "2 - Application", "2 - Application", "{C3A73B59-40B1-4D08-ABDA-4E806DC8CA81}"
EndProject
Project("{2150E333-8FDC-42A3-9474-1A3956D46DE8}") = "3 - Domain", "3 - Domain", "{AAC329B1-0576-4BCA-9F36-5A8A23E09B26}"
EndProject
Project("{2150E333-8FDC-42A3-9474-1A3956D46DE8}") = "4 - Infrastructure", "4 - Infrastructure", "{ED764D5B-9DF4-4722-B6F6-EE1DEDAFA173}"
EndProject
Project("{2150E333-8FDC-42A3-9474-1A3956D46DE8}") = "EventsBuyingManager", "EventsBuyingManager", "{FB6496A8-0AEE-4E48-B9B3-2621C57CEEFC}"
EndProject
Project("{9A19103F-16F7-4668-BE54-9A1E7A4F7556}") = "EventBuying.API", "services\EventBuying.API\EventBuying.API.csproj", "{F91713C7-9B0B-4580-A30F-86F485C0C345}"
EndProject
Project("{2150E333-8FDC-42A3-9474-1A3956D46DE8}") = "1 - Service", "1 - Service", "{40914D62-6570-4297-A7E8-B3C102ED8D07}"
EndProject
Project("{2150E333-8FDC-42A3-9474-1A3956D46DE8}") = "2 - Application", "2 - Application", "{A73AC5B0-9F46-4AB9-B44A-C46EC6B50159}"
EndProject
Project("{2150E333-8FDC-42A3-9474-1A3956D46DE8}") = "3 - Domain", "3 - Domain", "{6919A57F-5D0D-49F9-97E4-DFFF38D322B2}"
EndProject
Project("{2150E333-8FDC-42A3-9474-1A3956D46DE8}") = "4 - Infrastructure", "4 - Infrastructure", "{D3D13A43-BD78-43A6-940D-9FADE544C029}"
EndProject
Project("{2150E333-8FDC-42A3-9474-1A3956D46DE8}") = "EventsListManager", "EventsListManager", "{0F3F9574-79A8-40A0-BF68-E40770F7EE0E}"
EndProject
Project("{9A19103F-16F7-4668-BE54-9A1E7A4F7556}") = "EventsList.Web", "EventsList.Web\EventsList.Web.csproj", "{5001A170-8CB9-4D8A-A2F1-29B11F44104E}"
EndProject
Project("{9A19103F-16F7-4668-BE54-9A1E7A4F7556}") = "EventsListMicroservices.Domain", "EventsListMicroservices.Domain\EventsListMicroservices.Domain.csproj", "{E681A676-33F5-44DA-9379-B899CC2A1D04}"
EndProject
Project("{9A19103F-16F7-4668-BE54-9A1E7A4F7556}") = "EventsListMicroservices.Infra.DataAccess", "EventsListMicroservices.Infra.DataAccess\EventsListMicroservices.Infra.DataAccess.csproj", "{2E64A625-F2EC-4F12-9C16-315CE3141999}"
EndProject
Project("{E53339B2-1760-4266-BCC7-CA923CBCF16C}") = "docker-compose", "docker-compose.dcproj", "{8BB1C276-CBBA-460D-BCE6-5D4F58046B27}"
EndProject
Global
	GlobalSection(SolutionConfigurationPlatforms) = preSolution
		Debug|Any CPU = Debug|Any CPU
		Release|Any CPU = Release|Any CPU
	EndGlobalSection
	GlobalSection(ProjectConfigurationPlatforms) = postSolution
		{F91713C7-9B0B-4580-A30F-86F485C0C345}.Debug|Any CPU.ActiveCfg = Debug|Any CPU
		{F91713C7-9B0B-4580-A30F-86F485C0C345}.Debug|Any CPU.Build.0 = Debug|Any CPU
		{F91713C7-9B0B-4580-A30F-86F485C0C345}.Release|Any CPU.ActiveCfg = Release|Any CPU
		{F91713C7-9B0B-4580-A30F-86F485C0C345}.Release|Any CPU.Build.0 = Release|Any CPU
		{5001A170-8CB9-4D8A-A2F1-29B11F44104E}.Debug|Any CPU.ActiveCfg = Debug|Any CPU
		{5001A170-8CB9-4D8A-A2F1-29B11F44104E}.Debug|Any CPU.Build.0 = Debug|Any CPU
		{5001A170-8CB9-4D8A-A2F1-29B11F44104E}.Release|Any CPU.ActiveCfg = Release|Any CPU
		{5001A170-8CB9-4D8A-A2F1-29B11F44104E}.Release|Any CPU.Build.0 = Release|Any CPU
		{E681A676-33F5-44DA-9379-B899CC2A1D04}.Debug|Any CPU.ActiveCfg = Debug|Any CPU
		{E681A676-33F5-44DA-9379-B899CC2A1D04}.Debug|Any CPU.Build.0 = Debug|Any CPU
		{E681A676-33F5-44DA-9379-B899CC2A1D04}.Release|Any CPU.ActiveCfg = Release|Any CPU
		{E681A676-33F5-44DA-9379-B899CC2A1D04}.Release|Any CPU.Build.0 = Release|Any CPU
		{2E64A625-F2EC-4F12-9C16-315CE3141999}.Debug|Any CPU.ActiveCfg = Debug|Any CPU
		{2E64A625-F2EC-4F12-9C16-315CE3141999}.Debug|Any CPU.Build.0 = Debug|Any CPU
		{2E64A625-F2EC-4F12-9C16-315CE3141999}.Release|Any CPU.ActiveCfg = Release|Any CPU
		{2E64A625-F2EC-4F12-9C16-315CE3141999}.Release|Any CPU.Build.0 = Release|Any CPU
		{8BB1C276-CBBA-460D-BCE6-5D4F58046B27}.Debug|Any CPU.ActiveCfg = Debug|Any CPU
		{8BB1C276-CBBA-460D-BCE6-5D4F58046B27}.Debug|Any CPU.Build.0 = Debug|Any CPU
		{8BB1C276-CBBA-460D-BCE6-5D4F58046B27}.Release|Any CPU.ActiveCfg = Release|Any CPU
		{8BB1C276-CBBA-460D-BCE6-5D4F58046B27}.Release|Any CPU.Build.0 = Release|Any CPU
	EndGlobalSection
	GlobalSection(SolutionProperties) = preSolution
		HideSolutionNode = FALSE
	EndGlobalSection
	GlobalSection(NestedProjects) = preSolution
		{44B0BC58-9DE0-417F-AAD2-FD86F4C30566} = {EAD0CE2C-FBAC-4030-A1D3-68C194C120BB}
		{C3A73B59-40B1-4D08-ABDA-4E806DC8CA81} = {EAD0CE2C-FBAC-4030-A1D3-68C194C120BB}
		{AAC329B1-0576-4BCA-9F36-5A8A23E09B26} = {EAD0CE2C-FBAC-4030-A1D3-68C194C120BB}
		{ED764D5B-9DF4-4722-B6F6-EE1DEDAFA173} = {EAD0CE2C-FBAC-4030-A1D3-68C194C120BB}
		{FB6496A8-0AEE-4E48-B9B3-2621C57CEEFC} = {9CECA029-CE89-4C23-B7E7-259B41BB99FD}
		{F91713C7-9B0B-4580-A30F-86F485C0C345} = {FB6496A8-0AEE-4E48-B9B3-2621C57CEEFC}
		{40914D62-6570-4297-A7E8-B3C102ED8D07} = {8115902C-89E3-4CC0-BCD6-8F51547F2FAB}
		{A73AC5B0-9F46-4AB9-B44A-C46EC6B50159} = {8115902C-89E3-4CC0-BCD6-8F51547F2FAB}
		{6919A57F-5D0D-49F9-97E4-DFFF38D322B2} = {8115902C-89E3-4CC0-BCD6-8F51547F2FAB}
		{D3D13A43-BD78-43A6-940D-9FADE544C029} = {8115902C-89E3-4CC0-BCD6-8F51547F2FAB}
		{0F3F9574-79A8-40A0-BF68-E40770F7EE0E} = {9CECA029-CE89-4C23-B7E7-259B41BB99FD}
		{5001A170-8CB9-4D8A-A2F1-29B11F44104E} = {0F3F9574-79A8-40A0-BF68-E40770F7EE0E}
		{E681A676-33F5-44DA-9379-B899CC2A1D04} = {6919A57F-5D0D-49F9-97E4-DFFF38D322B2}
		{2E64A625-F2EC-4F12-9C16-315CE3141999} = {D3D13A43-BD78-43A6-940D-9FADE544C029}
	EndGlobalSection
	GlobalSection(ExtensibilityGlobals) = postSolution
		SolutionGuid = {9CB405AD-5955-40AB-BA1B-FCE292D05AE1}
	EndGlobalSection
EndGlobal
